{
  "nodes": {
    "flake-parts": {
      "inputs": {
        "nixpkgs-lib": "nixpkgs-lib"
      },
      "locked": {
        "lastModified": 1685662779,
        "narHash": "sha256-cKDDciXGpMEjP1n6HlzKinN0H+oLmNpgeCTzYnsA2po=",
        "owner": "hercules-ci",
        "repo": "flake-parts",
        "rev": "71fb97f0d875fd4de4994dfb849f2c75e17eb6c3",
        "type": "github"
      },
      "original": {
        "owner": "hercules-ci",
        "repo": "flake-parts",
        "type": "github"
      }
    },
    "flake-utils": {
      "inputs": {
        "systems": "systems"
      },
      "locked": {
        "lastModified": 1685518550,
        "narHash": "sha256-o2d0KcvaXzTrPRIo0kOLV0/QXHhDQ5DTi+OxcjO8xqY=",
        "owner": "numtide",
        "repo": "flake-utils",
        "rev": "a1720a10a6cfe8234c0e93907ffe81be440f4cef",
        "type": "github"
      },
      "original": {
        "owner": "numtide",
        "repo": "flake-utils",
        "type": "github"
      }
    },
    "nixpkgs": {
      "locked": {
        "lastModified": 1687829761,
        "narHash": "sha256-QRe1Y8SS3M4GeC58F/6ajz6V0ZLUVWX3ZAMgov2N3/g=",
        "owner": "NixOS",
        "repo": "nixpkgs",
        "rev": "9790f3242da2152d5aa1976e3e4b8b414f4dd206",
        "type": "github"
      },
      "original": {
        "owner": "NixOS",
        "ref": "nixos-23.05",
        "repo": "nixpkgs",
        "type": "github"
      }
    },
    "nixpkgs-lib": {
      "locked": {
        "dir": "lib",
        "lastModified": 1685564631,
        "narHash": "sha256-8ywr3AkblY4++3lIVxmrWZFzac7+f32ZEhH/A8pNscI=",
        "owner": "NixOS",
        "repo": "nixpkgs",
        "rev": "4f53efe34b3a8877ac923b9350c874e3dcd5dc0a",
        "type": "github"
      },
      "original": {
        "dir": "lib",
        "owner": "NixOS",
        "ref": "nixos-unstable",
        "repo": "nixpkgs",
        "type": "github"
      }
    },
    "poetry2nix": {
      "inputs": {
        "flake-utils": "flake-utils",
        "nixpkgs": [
          "nixpkgs"
        ]
      },
      "locked": {
        "lastModified": 1687996283,
        "narHash": "sha256-JD4S39vMhn0KcAhCvvrlcLP2jonwDsuMzdgC6S92LEg=",
        "owner": "nix-community",
        "repo": "poetry2nix",
        "rev": "76393d08880ee0a187922bd213aaafd0df809be5",
        "type": "github"
      },
      "original": {
        "owner": "nix-community",
        "ref": "1.42.0",
        "repo": "poetry2nix",
        "type": "github"
      }
    },
    "root": {
      "inputs": {
        "flake-parts": "flake-parts",
        "nixpkgs": "nixpkgs",
        "poetry2nix": "poetry2nix"
      }
    },
    "systems": {
      "locked": {
        "lastModified": 1681028828,
        "narHash": "sha256-Vy1rq5AaRuLzOxct8nz4T6wlgyUR7zLU309k9mBC768=",
        "owner": "nix-systems",
        "repo": "default",
        "rev": "da67096a3b9bf56a91d16901293e51ba5b49a27e",
        "type": "github"
      },
      "original": {
        "owner": "nix-systems",
        "repo": "default",
        "type": "github"
      }
    }
  },
  "root": "root",
  "version": 7
}
